
Microsoft Visual Studio Solution File, Format Version 12.00
# Visual Studio 15
VisualStudioVersion = 15.0.28307.421
MinimumVisualStudioVersion = 10.0.40219.1
Project("{FAE04EC0-301F-11D3-BF4B-00C04F79EFBC}") = "FirstWebsite", "FirstWebsite\FirstWebsite.csproj", "{3E568B8C-B069-4C88-AD28-C3AAB9E47B47}"
EndProject
Global
	GlobalSection(SolutionConfigurationPlatforms) = preSolution
		Debug|Any CPU = Debug|Any CPU
		Release|Any CPU = Release|Any CPU
	EndGlobalSection
	GlobalSection(ProjectConfigurationPlatforms) = postSolution
		{3E568B8C-B069-4C88-AD28-C3AAB9E47B47}.Debug|Any CPU.ActiveCfg = Debug|Any CPU
		{3E568B8C-B069-4C88-AD28-C3AAB9E47B47}.Debug|Any CPU.Build.0 = Debug|Any CPU
		{3E568B8C-B069-4C88-AD28-C3AAB9E47B47}.Release|Any CPU.ActiveCfg = Release|Any CPU
		{3E568B8C-B069-4C88-AD28-C3AAB9E47B47}.Release|Any CPU.Build.0 = Release|Any CPU
	EndGlobalSection
	GlobalSection(SolutionProperties) = preSolution
		HideSolutionNode = FALSE
	EndGlobalSection
	GlobalSection(ExtensibilityGlobals) = postSolution
		SolutionGuid = {EB7E7413-558F-4051-8B19-14A3E316D130}
	EndGlobalSection
EndGlobal
